
Microsoft Visual Studio Solution File, Format Version 12.00
Project("{FAE04EC0-301F-11D3-BF4B-00C04F79EFBC}") = "WebApplication1", "WebApplication1\WebApplication1.csproj", "{C20B90F5-CC9A-40A5-A422-EA7F55A332B4}"
EndProject
Project("{2150E333-8FDC-42A3-9474-1A3956D46DE8}") = "Solution Items", "Solution Items", "{48A46B97-24B4-424F-9486-FCAE0ABF737B}"
	ProjectSection(SolutionItems) = preProject
		compose.yaml = compose.yaml
	EndProjectSection
EndProject
Global
	GlobalSection(SolutionConfigurationPlatforms) = preSolution
		Debug|Any CPU = Debug|Any CPU
		Release|Any CPU = Release|Any CPU
	EndGlobalSection
	GlobalSection(ProjectConfigurationPlatforms) = postSolution
		{C20B90F5-CC9A-40A5-A422-EA7F55A332B4}.Debug|Any CPU.ActiveCfg = Debug|Any CPU
		{C20B90F5-CC9A-40A5-A422-EA7F55A332B4}.Debug|Any CPU.Build.0 = Debug|Any CPU
		{C20B90F5-CC9A-40A5-A422-EA7F55A332B4}.Release|Any CPU.ActiveCfg = Release|Any CPU
		{C20B90F5-CC9A-40A5-A422-EA7F55A332B4}.Release|Any CPU.Build.0 = Release|Any CPU
	EndGlobalSection
EndGlobal
